Microsoft Visual Studio Solution File, Format Version 12.00
# Visual Studio 2010
Project("{F184B08F-C81C-45F6-A57F-5ABD9991F28F}") = "VisualBasicSamples.Common", "VisualBasicSamples.Common\VisualBasicSamples.Common.vbproj", "{0F82A90B-AF5A-46BC-B19B-0CEE75219569}"
EndProject
Project("{F184B08F-C81C-45F6-A57F-5ABD9991F28F}") = "VisualBasicSamples.Account", "VisualBasicSamples.Account\VisualBasicSamples.Account.vbproj", "{67C8B07F-2FE4-42E3-AB6D-4349B29D6B14}"
EndProject
Global
	GlobalSection(SolutionConfigurationPlatforms) = preSolution
		Debug|Any CPU = Debug|Any CPU
		Release|Any CPU = Release|Any CPU
	EndGlobalSection
	GlobalSection(ProjectConfigurationPlatforms) = postSolution
		{0F82A90B-AF5A-46BC-B19B-0CEE75219569}.Debug|Any CPU.ActiveCfg = Debug|Any CPU
		{0F82A90B-AF5A-46BC-B19B-0CEE75219569}.Debug|Any CPU.Build.0 = Debug|Any CPU
		{0F82A90B-AF5A-46BC-B19B-0CEE75219569}.Release|Any CPU.ActiveCfg = Release|Any CPU
		{0F82A90B-AF5A-46BC-B19B-0CEE75219569}.Release|Any CPU.Build.0 = Release|Any CPU
		{67C8B07F-2FE4-42E3-AB6D-4349B29D6B14}.Debug|Any CPU.ActiveCfg = Debug|Any CPU
		{67C8B07F-2FE4-42E3-AB6D-4349B29D6B14}.Debug|Any CPU.Build.0 = Debug|Any CPU
		{67C8B07F-2FE4-42E3-AB6D-4349B29D6B14}.Release|Any CPU.ActiveCfg = Release|Any CPU
		{67C8B07F-2FE4-42E3-AB6D-4349B29D6B14}.Release|Any CPU.Build.0 = Release|Any CPU
	EndGlobalSection
	GlobalSection(SolutionProperties) = preSolution
		HideSolutionNode = FALSE
	EndGlobalSection
EndGlobal
